
Microsoft Visual Studio Solution File, Format Version 12.00
# Visual Studio Version 17
VisualStudioVersion = 17.12.35707.178
MinimumVisualStudioVersion = 10.0.40219.1
Project("{FAE04EC0-301F-11D3-BF4B-00C04F79EFBC}") = "StudentDatabase", "StudentDatabase\StudentDatabase.csproj", "{33AC2026-7128-488B-A821-E8E3F0A3246F}"
EndProject
Project("{FAE04EC0-301F-11D3-BF4B-00C04F79EFBC}") = "StudentDatabaseTest", "StudentDatabaseTest\StudentDatabaseTest.csproj", "{0BDEE899-3F32-4D09-AFCA-B9AB648E5B8B}"
EndProject
Global
	GlobalSection(SolutionConfigurationPlatforms) = preSolution
		Debug|Any CPU = Debug|Any CPU
		Release|Any CPU = Release|Any CPU
	EndGlobalSection
	GlobalSection(ProjectConfigurationPlatforms) = postSolution
		{33AC2026-7128-488B-A821-E8E3F0A3246F}.Debug|Any CPU.ActiveCfg = Debug|Any CPU
		{33AC2026-7128-488B-A821-E8E3F0A3246F}.Debug|Any CPU.Build.0 = Debug|Any CPU
		{33AC2026-7128-488B-A821-E8E3F0A3246F}.Release|Any CPU.ActiveCfg = Release|Any CPU
		{33AC2026-7128-488B-A821-E8E3F0A3246F}.Release|Any CPU.Build.0 = Release|Any CPU
		{0BDEE899-3F32-4D09-AFCA-B9AB648E5B8B}.Debug|Any CPU.ActiveCfg = Debug|Any CPU
		{0BDEE899-3F32-4D09-AFCA-B9AB648E5B8B}.Debug|Any CPU.Build.0 = Debug|Any CPU
		{0BDEE899-3F32-4D09-AFCA-B9AB648E5B8B}.Release|Any CPU.ActiveCfg = Release|Any CPU
		{0BDEE899-3F32-4D09-AFCA-B9AB648E5B8B}.Release|Any CPU.Build.0 = Release|Any CPU
	EndGlobalSection
	GlobalSection(SolutionProperties) = preSolution
		HideSolutionNode = FALSE
	EndGlobalSection
EndGlobal
